
Microsoft Visual Studio Solution File, Format Version 12.00
# Visual Studio Version 16
VisualStudioVersion = 16.0.30611.23
MinimumVisualStudioVersion = 10.0.40219.1
Project("{FAE04EC0-301F-11D3-BF4B-00C04F79EFBC}") = "DBMS", "DBMS.csproj", "{EC32D5CC-A3B1-4797-A59E-C706107AFA0F}"
EndProject
Global
	GlobalSection(SolutionConfigurationPlatforms) = preSolution
		Debug|Any CPU = Debug|Any CPU
		Release|Any CPU = Release|Any CPU
	EndGlobalSection
	GlobalSection(ProjectConfigurationPlatforms) = postSolution
		{EC32D5CC-A3B1-4797-A59E-C706107AFA0F}.Debug|Any CPU.ActiveCfg = Debug|Any CPU
		{EC32D5CC-A3B1-4797-A59E-C706107AFA0F}.Debug|Any CPU.Build.0 = Debug|Any CPU
		{EC32D5CC-A3B1-4797-A59E-C706107AFA0F}.Release|Any CPU.ActiveCfg = Release|Any CPU
		{EC32D5CC-A3B1-4797-A59E-C706107AFA0F}.Release|Any CPU.Build.0 = Release|Any CPU
	EndGlobalSection
	GlobalSection(SolutionProperties) = preSolution
		HideSolutionNode = FALSE
	EndGlobalSection
	GlobalSection(ExtensibilityGlobals) = postSolution
		SolutionGuid = {05906235-BB0A-42FE-8F78-9505542A3D24}
	EndGlobalSection
EndGlobal
